
Microsoft Visual Studio Solution File, Format Version 12.00
# Visual Studio 15
VisualStudioVersion = 15.0.28307.645
MinimumVisualStudioVersion = 10.0.40219.1
Project("{FAE04EC0-301F-11D3-BF4B-00C04F79EFBC}") = "ExemploProdutosMVC", "ExemploProdutosMVC\ExemploProdutosMVC.csproj", "{FAE41A05-42AC-4AEF-88D8-6D8D1A23B978}"
EndProject
Project("{FAE04EC0-301F-11D3-BF4B-00C04F79EFBC}") = "ExemploProdutos.Dominio", "ExemploProdutos.Dominio\ExemploProdutos.Dominio.csproj", "{95EF4D7A-0723-4506-8BF7-565A4BED6403}"
EndProject
Project("{FAE04EC0-301F-11D3-BF4B-00C04F79EFBC}") = "ExemploProdutos.Dados", "ExemploProduto.Dados\ExemploProdutos.Dados.csproj", "{64BC3C45-828A-4038-A32F-F2B71889C989}"
EndProject
Global
	GlobalSection(SolutionConfigurationPlatforms) = preSolution
		Debug|Any CPU = Debug|Any CPU
		Release|Any CPU = Release|Any CPU
	EndGlobalSection
	GlobalSection(ProjectConfigurationPlatforms) = postSolution
		{FAE41A05-42AC-4AEF-88D8-6D8D1A23B978}.Debug|Any CPU.ActiveCfg = Debug|Any CPU
		{FAE41A05-42AC-4AEF-88D8-6D8D1A23B978}.Debug|Any CPU.Build.0 = Debug|Any CPU
		{FAE41A05-42AC-4AEF-88D8-6D8D1A23B978}.Release|Any CPU.ActiveCfg = Release|Any CPU
		{FAE41A05-42AC-4AEF-88D8-6D8D1A23B978}.Release|Any CPU.Build.0 = Release|Any CPU
		{95EF4D7A-0723-4506-8BF7-565A4BED6403}.Debug|Any CPU.ActiveCfg = Debug|Any CPU
		{95EF4D7A-0723-4506-8BF7-565A4BED6403}.Debug|Any CPU.Build.0 = Debug|Any CPU
		{95EF4D7A-0723-4506-8BF7-565A4BED6403}.Release|Any CPU.ActiveCfg = Release|Any CPU
		{95EF4D7A-0723-4506-8BF7-565A4BED6403}.Release|Any CPU.Build.0 = Release|Any CPU
		{64BC3C45-828A-4038-A32F-F2B71889C989}.Debug|Any CPU.ActiveCfg = Debug|Any CPU
		{64BC3C45-828A-4038-A32F-F2B71889C989}.Debug|Any CPU.Build.0 = Debug|Any CPU
		{64BC3C45-828A-4038-A32F-F2B71889C989}.Release|Any CPU.ActiveCfg = Release|Any CPU
		{64BC3C45-828A-4038-A32F-F2B71889C989}.Release|Any CPU.Build.0 = Release|Any CPU
	EndGlobalSection
	GlobalSection(SolutionProperties) = preSolution
		HideSolutionNode = FALSE
	EndGlobalSection
	GlobalSection(ExtensibilityGlobals) = postSolution
		SolutionGuid = {88F626E1-3A34-4443-98B4-D8191C59A671}
	EndGlobalSection
EndGlobal
